// !$*UTF8*$!
{
	archiveVersion = 1;
	classes = {
	};
	objectVersion = 56;
	objects = {

/* Begin PBXBuildFile section */
		840307042A7ADE1300238325 /* ProfileViewController.swift in Sources */ = {isa = PBXBuildFile; fileRef = 840307032A7ADE1300238325 /* ProfileViewController.swift */; };
		840780712A65CAB2006461B3 /* AppDelegate.swift in Sources */ = {isa = PBXBuildFile; fileRef = 840780702A65CAB2006461B3 /* AppDelegate.swift */; };
		840780732A65CAB2006461B3 /* SceneDelegate.swift in Sources */ = {isa = PBXBuildFile; fileRef = 840780722A65CAB2006461B3 /* SceneDelegate.swift */; };
		840780752A65CAB2006461B3 /* ImagesListViewController.swift in Sources */ = {isa = PBXBuildFile; fileRef = 840780742A65CAB2006461B3 /* ImagesListViewController.swift */; };
		840780782A65CAB2006461B3 /* Main.storyboard in Resources */ = {isa = PBXBuildFile; fileRef = 840780762A65CAB2006461B3 /* Main.storyboard */; };
		8407807A2A65CAB4006461B3 /* Assets.xcassets in Resources */ = {isa = PBXBuildFile; fileRef = 840780792A65CAB4006461B3 /* Assets.xcassets */; };
		8407807D2A65CAB4006461B3 /* LaunchScreen.storyboard in Resources */ = {isa = PBXBuildFile; fileRef = 8407807B2A65CAB4006461B3 /* LaunchScreen.storyboard */; };
		840CA7482A6EF0A8005D49EE /* ImagesListCell.swift in Sources */ = {isa = PBXBuildFile; fileRef = 840CA7472A6EF0A8005D49EE /* ImagesListCell.swift */; };
		8447A6EB2A9A70AD00579B97 /* ProgressHUD in Frameworks */ = {isa = PBXBuildFile; productRef = 8447A6EA2A9A70AD00579B97 /* ProgressHUD */; };
		8447A6F02A9A78B200579B97 /* UIBlockingProgressHUD.swift in Sources */ = {isa = PBXBuildFile; fileRef = 8447A6EF2A9A78B200579B97 /* UIBlockingProgressHUD.swift */; };
		8447A6F42A9A849F00579B97 /* ProfileService.swift in Sources */ = {isa = PBXBuildFile; fileRef = 8447A6F32A9A849F00579B97 /* ProfileService.swift */; };
		8447A6F62A9A8C8600579B97 /* ProfileImageService.swift in Sources */ = {isa = PBXBuildFile; fileRef = 8447A6F52A9A8C8600579B97 /* ProfileImageService.swift */; };
		844D31F92A8176E000FEDD16 /* SingleImageViewController.swift in Sources */ = {isa = PBXBuildFile; fileRef = 844D31F82A8176E000FEDD16 /* SingleImageViewController.swift */; };
		8463DE2C2A87EF220069C738 /* Constants.swift in Sources */ = {isa = PBXBuildFile; fileRef = 8463DE2B2A87EF220069C738 /* Constants.swift */; };
		8463DE2F2A87FC480069C738 /* AuthViewController.swift in Sources */ = {isa = PBXBuildFile; fileRef = 8463DE2E2A87FC480069C738 /* AuthViewController.swift */; };
		8463DE332A87FF110069C738 /*  WebViewViewController.swift in Sources */ = {isa = PBXBuildFile; fileRef = 8463DE322A87FF110069C738 /*  WebViewViewController.swift */; };
		8474924B2A9183DE00CA01AC /* OAuth2Service.swift in Sources */ = {isa = PBXBuildFile; fileRef = 8474924A2A9183DE00CA01AC /* OAuth2Service.swift */; };
		8474924D2A9183EE00CA01AC /* OAuth2TokenStorage.swift in Sources */ = {isa = PBXBuildFile; fileRef = 8474924C2A9183EE00CA01AC /* OAuth2TokenStorage.swift */; };
		8493F5A22A8EA2820018FDA6 /* SplashViewController.swift in Sources */ = {isa = PBXBuildFile; fileRef = 8493F5A12A8EA2820018FDA6 /* SplashViewController.swift */; };
		84C8B7072A9BA80400D4626C /* URLSessionExtension.swift in Sources */ = {isa = PBXBuildFile; fileRef = 84C8B7062A9BA80400D4626C /* URLSessionExtension.swift */; };
		84C8B7092A9BA84A00D4626C /* URLRequestExtension.swift in Sources */ = {isa = PBXBuildFile; fileRef = 84C8B7082A9BA84A00D4626C /* URLRequestExtension.swift */; };
		84C8B70C2A9BB19500D4626C /* Kingfisher in Frameworks */ = {isa = PBXBuildFile; productRef = 84C8B70B2A9BB19500D4626C /* Kingfisher */; };
		84C8B70F2A9BB7CC00D4626C /* SwiftKeychainWrapper in Frameworks */ = {isa = PBXBuildFile; productRef = 84C8B70E2A9BB7CC00D4626C /* SwiftKeychainWrapper */; };
		84C8B7112A9BB98800D4626C /* TabBarController.swift in Sources */ = {isa = PBXBuildFile; fileRef = 84C8B7102A9BB98800D4626C /* TabBarController.swift */; };
		84C8B7132A9BBE2700D4626C /* NetworkError.swift in Sources */ = {isa = PBXBuildFile; fileRef = 84C8B7122A9BBE2700D4626C /* NetworkError.swift */; };
/* End PBXBuildFile section */

/* Begin PBXFileReference section */
		840307032A7ADE1300238325 /* ProfileViewController.swift */ = {isa = PBXFileReference; lastKnownFileType = sourcecode.swift; path = ProfileViewController.swift; sourceTree = "<group>"; };
		8407806D2A65CAB2006461B3 /* ImageFeed.app */ = {isa = PBXFileReference; explicitFileType = wrapper.application; includeInIndex = 0; path = ImageFeed.app; sourceTree = BUILT_PRODUCTS_DIR; };
		840780702A65CAB2006461B3 /* AppDelegate.swift */ = {isa = PBXFileReference; lastKnownFileType = sourcecode.swift; path = AppDelegate.swift; sourceTree = "<group>"; };
		840780722A65CAB2006461B3 /* SceneDelegate.swift */ = {isa = PBXFileReference; lastKnownFileType = sourcecode.swift; path = SceneDelegate.swift; sourceTree = "<group>"; };
		840780742A65CAB2006461B3 /* ImagesListViewController.swift */ = {isa = PBXFileReference; lastKnownFileType = sourcecode.swift; path = ImagesListViewController.swift; sourceTree = "<group>"; };
		840780772A65CAB2006461B3 /* Base */ = {isa = PBXFileReference; lastKnownFileType = file.storyboard; name = Base; path = Base.lproj/Main.storyboard; sourceTree = "<group>"; };
		840780792A65CAB4006461B3 /* Assets.xcassets */ = {isa = PBXFileReference; lastKnownFileType = folder.assetcatalog; path = Assets.xcassets; sourceTree = "<group>"; };
		8407807C2A65CAB4006461B3 /* Base */ = {isa = PBXFileReference; lastKnownFileType = file.storyboard; name = Base; path = Base.lproj/LaunchScreen.storyboard; sourceTree = "<group>"; };
		8407807E2A65CAB4006461B3 /* Info.plist */ = {isa = PBXFileReference; lastKnownFileType = text.plist.xml; path = Info.plist; sourceTree = "<group>"; };
		840CA7472A6EF0A8005D49EE /* ImagesListCell.swift */ = {isa = PBXFileReference; lastKnownFileType = sourcecode.swift; path = ImagesListCell.swift; sourceTree = "<group>"; };
		8447A6EF2A9A78B200579B97 /* UIBlockingProgressHUD.swift */ = {isa = PBXFileReference; lastKnownFileType = sourcecode.swift; path = UIBlockingProgressHUD.swift; sourceTree = "<group>"; };
		8447A6F32A9A849F00579B97 /* ProfileService.swift */ = {isa = PBXFileReference; lastKnownFileType = sourcecode.swift; path = ProfileService.swift; sourceTree = "<group>"; };
		8447A6F52A9A8C8600579B97 /* ProfileImageService.swift */ = {isa = PBXFileReference; lastKnownFileType = sourcecode.swift; path = ProfileImageService.swift; sourceTree = "<group>"; };
		844D31F82A8176E000FEDD16 /* SingleImageViewController.swift */ = {isa = PBXFileReference; lastKnownFileType = sourcecode.swift; path = SingleImageViewController.swift; sourceTree = "<group>"; };
		8463DE2B2A87EF220069C738 /* Constants.swift */ = {isa = PBXFileReference; lastKnownFileType = sourcecode.swift; path = Constants.swift; sourceTree = "<group>"; };
		8463DE2E2A87FC480069C738 /* AuthViewController.swift */ = {isa = PBXFileReference; lastKnownFileType = sourcecode.swift; path = AuthViewController.swift; sourceTree = "<group>"; };
		8463DE322A87FF110069C738 /*  WebViewViewController.swift */ = {isa = PBXFileReference; lastKnownFileType = sourcecode.swift; path = " WebViewViewController.swift"; sourceTree = "<group>"; };
		8474924A2A9183DE00CA01AC /* OAuth2Service.swift */ = {isa = PBXFileReference; lastKnownFileType = sourcecode.swift; path = OAuth2Service.swift; sourceTree = "<group>"; };
		8474924C2A9183EE00CA01AC /* OAuth2TokenStorage.swift */ = {isa = PBXFileReference; lastKnownFileType = sourcecode.swift; path = OAuth2TokenStorage.swift; sourceTree = "<group>"; };
		8493F5A12A8EA2820018FDA6 /* SplashViewController.swift */ = {isa = PBXFileReference; lastKnownFileType = sourcecode.swift; path = SplashViewController.swift; sourceTree = "<group>"; };
		84C8B7062A9BA80400D4626C /* URLSessionExtension.swift */ = {isa = PBXFileReference; lastKnownFileType = sourcecode.swift; path = URLSessionExtension.swift; sourceTree = "<group>"; };
		84C8B7082A9BA84A00D4626C /* URLRequestExtension.swift */ = {isa = PBXFileReference; lastKnownFileType = sourcecode.swift; path = URLRequestExtension.swift; sourceTree = "<group>"; };
		84C8B7102A9BB98800D4626C /* TabBarController.swift */ = {isa = PBXFileReference; lastKnownFileType = sourcecode.swift; path = TabBarController.swift; sourceTree = "<group>"; };
		84C8B7122A9BBE2700D4626C /* NetworkError.swift */ = {isa = PBXFileReference; lastKnownFileType = sourcecode.swift; path = NetworkError.swift; sourceTree = "<group>"; };
/* End PBXFileReference section */

/* Begin PBXFrameworksBuildPhase section */
		8407806A2A65CAB2006461B3 /* Frameworks */ = {
			isa = PBXFrameworksBuildPhase;
			buildActionMask = 2147483647;
			files = (
				84C8B70C2A9BB19500D4626C /* Kingfisher in Frameworks */,
				8447A6EB2A9A70AD00579B97 /* ProgressHUD in Frameworks */,
				84C8B70F2A9BB7CC00D4626C /* SwiftKeychainWrapper in Frameworks */,
			);
			runOnlyForDeploymentPostprocessing = 0;
		};
/* End PBXFrameworksBuildPhase section */

/* Begin PBXGroup section */
		840780642A65CAB2006461B3 = {
			isa = PBXGroup;
			children = (
				8407806F2A65CAB2006461B3 /* ImageFeed */,
				8407806E2A65CAB2006461B3 /* Products */,
			);
			sourceTree = "<group>";
		};
		8407806E2A65CAB2006461B3 /* Products */ = {
			isa = PBXGroup;
			children = (
				8407806D2A65CAB2006461B3 /* ImageFeed.app */,
			);
			name = Products;
			sourceTree = "<group>";
		};
		8407806F2A65CAB2006461B3 /* ImageFeed */ = {
			isa = PBXGroup;
			children = (
				840780702A65CAB2006461B3 /* AppDelegate.swift */,
				840780722A65CAB2006461B3 /* SceneDelegate.swift */,
				8463DE2B2A87EF220069C738 /* Constants.swift */,
				8447A6EF2A9A78B200579B97 /* UIBlockingProgressHUD.swift */,
				84C8B7102A9BB98800D4626C /* TabBarController.swift */,
				847E6BFD2AA10949001E8142 /* ProfileService */,
				847492492A91837A00CA01AC /* ServiceAccessLayer */,
				8463DE2D2A87FC350069C738 /* Auth */,
				8493F5A02A8EA2700018FDA6 /* SplashViewController */,
				8475FF222A7E8EC70011CC10 /* Profile */,
				840CA7492A6EF0EE005D49EE /* ImagesList */,
				8476D0712A84935F0074DF74 /* SingleImageView */,
				840780762A65CAB2006461B3 /* Main.storyboard */,
				8407807B2A65CAB4006461B3 /* LaunchScreen.storyboard */,
				840780792A65CAB4006461B3 /* Assets.xcassets */,
				8407807E2A65CAB4006461B3 /* Info.plist */,
				84C8B7062A9BA80400D4626C /* URLSessionExtension.swift */,
				84C8B7082A9BA84A00D4626C /* URLRequestExtension.swift */,
			);
			path = ImageFeed;
			sourceTree = "<group>";
		};
		840CA7492A6EF0EE005D49EE /* ImagesList */ = {
			isa = PBXGroup;
			children = (
				840CA7472A6EF0A8005D49EE /* ImagesListCell.swift */,
				840780742A65CAB2006461B3 /* ImagesListViewController.swift */,
			);
			path = ImagesList;
			sourceTree = "<group>";
		};
		8463DE2D2A87FC350069C738 /* Auth */ = {
			isa = PBXGroup;
			children = (
				8463DE2E2A87FC480069C738 /* AuthViewController.swift */,
				8463DE322A87FF110069C738 /*  WebViewViewController.swift */,
			);
			path = Auth;
			sourceTree = "<group>";
		};
		847492492A91837A00CA01AC /* ServiceAccessLayer */ = {
			isa = PBXGroup;
			children = (
				8474924A2A9183DE00CA01AC /* OAuth2Service.swift */,
				8474924C2A9183EE00CA01AC /* OAuth2TokenStorage.swift */,
				84C8B7122A9BBE2700D4626C /* NetworkError.swift */,
			);
			path = ServiceAccessLayer;
			sourceTree = "<group>";
		};
		8475FF222A7E8EC70011CC10 /* Profile */ = {
			isa = PBXGroup;
			children = (
				840307032A7ADE1300238325 /* ProfileViewController.swift */,
			);
			path = Profile;
			sourceTree = "<group>";
		};
		8476D0712A84935F0074DF74 /* SingleImageView */ = {
			isa = PBXGroup;
			children = (
				844D31F82A8176E000FEDD16 /* SingleImageViewController.swift */,
			);
			path = SingleImageView;
			sourceTree = "<group>";
		};
		847E6BFD2AA10949001E8142 /* ProfileService */ = {
			isa = PBXGroup;
			children = (
				8447A6F32A9A849F00579B97 /* ProfileService.swift */,
				8447A6F52A9A8C8600579B97 /* ProfileImageService.swift */,
			);
			path = ProfileService;
			sourceTree = "<group>";
		};
		8493F5A02A8EA2700018FDA6 /* SplashViewController */ = {
			isa = PBXGroup;
			children = (
				8493F5A12A8EA2820018FDA6 /* SplashViewController.swift */,
			);
			path = SplashViewController;
			sourceTree = "<group>";
		};
/* End PBXGroup section */

/* Begin PBXNativeTarget section */
		8407806C2A65CAB2006461B3 /* ImageFeed */ = {
			isa = PBXNativeTarget;
			buildConfigurationList = 840780812A65CAB4006461B3 /* Build configuration list for PBXNativeTarget "ImageFeed" */;
			buildPhases = (
				840780692A65CAB2006461B3 /* Sources */,
				8407806A2A65CAB2006461B3 /* Frameworks */,
				8407806B2A65CAB2006461B3 /* Resources */,
			);
			buildRules = (
			);
			dependencies = (
			);
			name = ImageFeed;
			packageProductDependencies = (
				8447A6EA2A9A70AD00579B97 /* ProgressHUD */,
				84C8B70B2A9BB19500D4626C /* Kingfisher */,
				84C8B70E2A9BB7CC00D4626C /* SwiftKeychainWrapper */,
			);
			productName = ImageFeed;
			productReference = 8407806D2A65CAB2006461B3 /* ImageFeed.app */;
			productType = "com.apple.product-type.application";
		};
/* End PBXNativeTarget section */

/* Begin PBXProject section */
		840780652A65CAB2006461B3 /* Project object */ = {
			isa = PBXProject;
			attributes = {
				BuildIndependentTargetsInParallel = 1;
				LastSwiftUpdateCheck = 1420;
				LastUpgradeCheck = 1420;
				TargetAttributes = {
					8407806C2A65CAB2006461B3 = {
						CreatedOnToolsVersion = 14.2;
					};
				};
			};
			buildConfigurationList = 840780682A65CAB2006461B3 /* Build configuration list for PBXProject "ImageFeed" */;
			compatibilityVersion = "Xcode 14.0";
			developmentRegion = en;
			hasScannedForEncodings = 0;
			knownRegions = (
				en,
				Base,
			);
			mainGroup = 840780642A65CAB2006461B3;
			packageReferences = (
				8447A6E92A9A70AD00579B97 /* XCRemoteSwiftPackageReference "ProgressHUD" */,
				84C8B70A2A9BB19500D4626C /* XCRemoteSwiftPackageReference "Kingfisher" */,
				84C8B70D2A9BB7CC00D4626C /* XCRemoteSwiftPackageReference "SwiftKeychainWrapper" */,
			);
			productRefGroup = 8407806E2A65CAB2006461B3 /* Products */;
			projectDirPath = "";
			projectRoot = "";
			targets = (
				8407806C2A65CAB2006461B3 /* ImageFeed */,
			);
		};
/* End PBXProject section */

/* Begin PBXResourcesBuildPhase section */
		8407806B2A65CAB2006461B3 /* Resources */ = {
			isa = PBXResourcesBuildPhase;
			buildActionMask = 2147483647;
			files = (
				8407807D2A65CAB4006461B3 /* LaunchScreen.storyboard in Resources */,
				8407807A2A65CAB4006461B3 /* Assets.xcassets in Resources */,
				840780782A65CAB2006461B3 /* Main.storyboard in Resources */,
			);
			runOnlyForDeploymentPostprocessing = 0;
		};
/* End PBXResourcesBuildPhase section */

/* Begin PBXSourcesBuildPhase section */
		840780692A65CAB2006461B3 /* Sources */ = {
			isa = PBXSourcesBuildPhase;
			buildActionMask = 2147483647;
			files = (
				8474924D2A9183EE00CA01AC /* OAuth2TokenStorage.swift in Sources */,
				840780752A65CAB2006461B3 /* ImagesListViewController.swift in Sources */,
				8463DE332A87FF110069C738 /*  WebViewViewController.swift in Sources */,
				84C8B7112A9BB98800D4626C /* TabBarController.swift in Sources */,
				840CA7482A6EF0A8005D49EE /* ImagesListCell.swift in Sources */,
				840307042A7ADE1300238325 /* ProfileViewController.swift in Sources */,
				84C8B7092A9BA84A00D4626C /* URLRequestExtension.swift in Sources */,
				8474924B2A9183DE00CA01AC /* OAuth2Service.swift in Sources */,
				8447A6F02A9A78B200579B97 /* UIBlockingProgressHUD.swift in Sources */,
				840780712A65CAB2006461B3 /* AppDelegate.swift in Sources */,
				84C8B7072A9BA80400D4626C /* URLSessionExtension.swift in Sources */,
				8463DE2F2A87FC480069C738 /* AuthViewController.swift in Sources */,
				8463DE2C2A87EF220069C738 /* Constants.swift in Sources */,
				844D31F92A8176E000FEDD16 /* SingleImageViewController.swift in Sources */,
				840780732A65CAB2006461B3 /* SceneDelegate.swift in Sources */,
				8447A6F62A9A8C8600579B97 /* ProfileImageService.swift in Sources */,
				8493F5A22A8EA2820018FDA6 /* SplashViewController.swift in Sources */,
				8447A6F42A9A849F00579B97 /* ProfileService.swift in Sources */,
				84C8B7132A9BBE2700D4626C /* NetworkError.swift in Sources */,
			);
			runOnlyForDeploymentPostprocessing = 0;
		};
/* End PBXSourcesBuildPhase section */

/* Begin PBXVariantGroup section */
		840780762A65CAB2006461B3 /* Main.storyboard */ = {
			isa = PBXVariantGroup;
			children = (
				840780772A65CAB2006461B3 /* Base */,
			);
			name = Main.storyboard;
			sourceTree = "<group>";
		};
		8407807B2A65CAB4006461B3 /* LaunchScreen.storyboard */ = {
			isa = PBXVariantGroup;
			children = (
				8407807C2A65CAB4006461B3 /* Base */,
			);
			name = LaunchScreen.storyboard;
			sourceTree = "<group>";
		};
/* End PBXVariantGroup section */

/* Begin XCBuildConfiguration section */
		8407807F2A65CAB4006461B3 /* Debug */ = {
			isa = XCBuildConfiguration;
			buildSettings = {
				ALWAYS_SEARCH_USER_PATHS = NO;
				CLANG_ANALYZER_NONNULL = YES;
				CLANG_ANALYZER_NUMBER_OBJECT_CONVERSION = YES_AGGRESSIVE;
				CLANG_CXX_LANGUAGE_STANDARD = "gnu++20";
				CLANG_ENABLE_MODULES = YES;
				CLANG_ENABLE_OBJC_ARC = YES;
				CLANG_ENABLE_OBJC_WEAK = YES;
				CLANG_WARN_BLOCK_CAPTURE_AUTORELEASING = YES;
				CLANG_WARN_BOOL_CONVERSION = YES;
				CLANG_WARN_COMMA = YES;
				CLANG_WARN_CONSTANT_CONVERSION = YES;
				CLANG_WARN_DEPRECATED_OBJC_IMPLEMENTATIONS = YES;
				CLANG_WARN_DIRECT_OBJC_ISA_USAGE = YES_ERROR;
				CLANG_WARN_DOCUMENTATION_COMMENTS = YES;
				CLANG_WARN_EMPTY_BODY = YES;
				CLANG_WARN_ENUM_CONVERSION = YES;
				CLANG_WARN_INFINITE_RECURSION = YES;
				CLANG_WARN_INT_CONVERSION = YES;
				CLANG_WARN_NON_LITERAL_NULL_CONVERSION = YES;
				CLANG_WARN_OBJC_IMPLICIT_RETAIN_SELF = YES;
				CLANG_WARN_OBJC_LITERAL_CONVERSION = YES;
				CLANG_WARN_OBJC_ROOT_CLASS = YES_ERROR;
				CLANG_WARN_QUOTED_INCLUDE_IN_FRAMEWORK_HEADER = YES;
				CLANG_WARN_RANGE_LOOP_ANALYSIS = YES;
				CLANG_WARN_STRICT_PROTOTYPES = YES;
				CLANG_WARN_SUSPICIOUS_MOVE = YES;
				CLANG_WARN_UNGUARDED_AVAILABILITY = YES_AGGRESSIVE;
				CLANG_WARN_UNREACHABLE_CODE = YES;
				CLANG_WARN__DUPLICATE_METHOD_MATCH = YES;
				COPY_PHASE_STRIP = NO;
				DEBUG_INFORMATION_FORMAT = dwarf;
				ENABLE_STRICT_OBJC_MSGSEND = YES;
				ENABLE_TESTABILITY = YES;
				GCC_C_LANGUAGE_STANDARD = gnu11;
				GCC_DYNAMIC_NO_PIC = NO;
				GCC_NO_COMMON_BLOCKS = YES;
				GCC_OPTIMIZATION_LEVEL = 0;
				GCC_PREPROCESSOR_DEFINITIONS = (
					"DEBUG=1",
					"$(inherited)",
				);
				GCC_WARN_64_TO_32_BIT_CONVERSION = YES;
				GCC_WARN_ABOUT_RETURN_TYPE = YES_ERROR;
				GCC_WARN_UNDECLARED_SELECTOR = YES;
				GCC_WARN_UNINITIALIZED_AUTOS = YES_AGGRESSIVE;
				GCC_WARN_UNUSED_FUNCTION = YES;
				GCC_WARN_UNUSED_VARIABLE = YES;
				IPHONEOS_DEPLOYMENT_TARGET = 16.2;
				MTL_ENABLE_DEBUG_INFO = INCLUDE_SOURCE;
				MTL_FAST_MATH = YES;
				ONLY_ACTIVE_ARCH = YES;
				SDKROOT = iphoneos;
				SWIFT_ACTIVE_COMPILATION_CONDITIONS = DEBUG;
				SWIFT_OPTIMIZATION_LEVEL = "-Onone";
			};
			name = Debug;
		};
		840780802A65CAB4006461B3 /* Release */ = {
			isa = XCBuildConfiguration;
			buildSettings = {
				ALWAYS_SEARCH_USER_PATHS = NO;
				CLANG_ANALYZER_NONNULL = YES;
				CLANG_ANALYZER_NUMBER_OBJECT_CONVERSION = YES_AGGRESSIVE;
				CLANG_CXX_LANGUAGE_STANDARD = "gnu++20";
				CLANG_ENABLE_MODULES = YES;
				CLANG_ENABLE_OBJC_ARC = YES;
				CLANG_ENABLE_OBJC_WEAK = YES;
				CLANG_WARN_BLOCK_CAPTURE_AUTORELEASING = YES;
				CLANG_WARN_BOOL_CONVERSION = YES;
				CLANG_WARN_COMMA = YES;
				CLANG_WARN_CONSTANT_CONVERSION = YES;
				CLANG_WARN_DEPRECATED_OBJC_IMPLEMENTATIONS = YES;
				CLANG_WARN_DIRECT_OBJC_ISA_USAGE = YES_ERROR;
				CLANG_WARN_DOCUMENTATION_COMMENTS = YES;
				CLANG_WARN_EMPTY_BODY = YES;
				CLANG_WARN_ENUM_CONVERSION = YES;
				CLANG_WARN_INFINITE_RECURSION = YES;
				CLANG_WARN_INT_CONVERSION = YES;
				CLANG_WARN_NON_LITERAL_NULL_CONVERSION = YES;
				CLANG_WARN_OBJC_IMPLICIT_RETAIN_SELF = YES;
				CLANG_WARN_OBJC_LITERAL_CONVERSION = YES;
				CLANG_WARN_OBJC_ROOT_CLASS = YES_ERROR;
				CLANG_WARN_QUOTED_INCLUDE_IN_FRAMEWORK_HEADER = YES;
				CLANG_WARN_RANGE_LOOP_ANALYSIS = YES;
				CLANG_WARN_STRICT_PROTOTYPES = YES;
				CLANG_WARN_SUSPICIOUS_MOVE = YES;
				CLANG_WARN_UNGUARDED_AVAILABILITY = YES_AGGRESSIVE;
				CLANG_WARN_UNREACHABLE_CODE = YES;
				CLANG_WARN__DUPLICATE_METHOD_MATCH = YES;
				COPY_PHASE_STRIP = NO;
				DEBUG_INFORMATION_FORMAT = "dwarf-with-dsym";
				ENABLE_NS_ASSERTIONS = NO;
				ENABLE_STRICT_OBJC_MSGSEND = YES;
				GCC_C_LANGUAGE_STANDARD = gnu11;
				GCC_NO_COMMON_BLOCKS = YES;
				GCC_WARN_64_TO_32_BIT_CONVERSION = YES;
				GCC_WARN_ABOUT_RETURN_TYPE = YES_ERROR;
				GCC_WARN_UNDECLARED_SELECTOR = YES;
				GCC_WARN_UNINITIALIZED_AUTOS = YES_AGGRESSIVE;
				GCC_WARN_UNUSED_FUNCTION = YES;
				GCC_WARN_UNUSED_VARIABLE = YES;
				IPHONEOS_DEPLOYMENT_TARGET = 16.2;
				MTL_ENABLE_DEBUG_INFO = NO;
				MTL_FAST_MATH = YES;
				SDKROOT = iphoneos;
				SWIFT_COMPILATION_MODE = wholemodule;
				SWIFT_OPTIMIZATION_LEVEL = "-O";
				VALIDATE_PRODUCT = YES;
			};
			name = Release;
		};
		840780822A65CAB4006461B3 /* Debug */ = {
			isa = XCBuildConfiguration;
			buildSettings = {
				ASSETCATALOG_COMPILER_APPICON_NAME = AppIcon;
				ASSETCATALOG_COMPILER_GLOBAL_ACCENT_COLOR_NAME = AccentColor;
				CODE_SIGN_STYLE = Automatic;
				CURRENT_PROJECT_VERSION = 1;
				DEVELOPMENT_TEAM = HG22Y54574;
				GENERATE_INFOPLIST_FILE = YES;
				INFOPLIST_FILE = ImageFeed/Info.plist;
				INFOPLIST_KEY_UIApplicationSupportsIndirectInputEvents = YES;
				INFOPLIST_KEY_UILaunchStoryboardName = LaunchScreen;
				INFOPLIST_KEY_UIMainStoryboardFile = Main;
				INFOPLIST_KEY_UISupportedInterfaceOrientations = UIInterfaceOrientationPortrait;
				INFOPLIST_KEY_UISupportedInterfaceOrientations_iPad = "UIInterfaceOrientationLandscapeLeft UIInterfaceOrientationLandscapeRight UIInterfaceOrientationPortrait UIInterfaceOrientationPortraitUpsideDown";
				IPHONEOS_DEPLOYMENT_TARGET = 13.0;
				LD_RUNPATH_SEARCH_PATHS = (
					"$(inherited)",
					"@executable_path/Frameworks",
				);
				MARKETING_VERSION = 1.0;
				PRODUCT_BUNDLE_IDENTIFIER = ru.yandex.practicum.ImageFeed;
				PRODUCT_NAME = "$(TARGET_NAME)";
				SUPPORTED_PLATFORMS = "iphoneos iphonesimulator";
				SUPPORTS_MACCATALYST = NO;
				SUPPORTS_MAC_DESIGNED_FOR_IPHONE_IPAD = YES;
				SWIFT_EMIT_LOC_STRINGS = YES;
				SWIFT_VERSION = 5.0;
				TARGETED_DEVICE_FAMILY = 1;
			};
			name = Debug;
		};
		840780832A65CAB4006461B3 /* Release */ = {
			isa = XCBuildConfiguration;
			buildSettings = {
				ASSETCATALOG_COMPILER_APPICON_NAME = AppIcon;
				ASSETCATALOG_COMPILER_GLOBAL_ACCENT_COLOR_NAME = AccentColor;
				CODE_SIGN_STYLE = Automatic;
				CURRENT_PROJECT_VERSION = 1;
				DEVELOPMENT_TEAM = HG22Y54574;
				GENERATE_INFOPLIST_FILE = YES;
				INFOPLIST_FILE = ImageFeed/Info.plist;
				INFOPLIST_KEY_UIApplicationSupportsIndirectInputEvents = YES;
				INFOPLIST_KEY_UILaunchStoryboardName = LaunchScreen;
				INFOPLIST_KEY_UIMainStoryboardFile = Main;
				INFOPLIST_KEY_UISupportedInterfaceOrientations = UIInterfaceOrientationPortrait;
				INFOPLIST_KEY_UISupportedInterfaceOrientations_iPad = "UIInterfaceOrientationLandscapeLeft UIInterfaceOrientationLandscapeRight UIInterfaceOrientationPortrait UIInterfaceOrientationPortraitUpsideDown";
				IPHONEOS_DEPLOYMENT_TARGET = 13.0;
				LD_RUNPATH_SEARCH_PATHS = (
					"$(inherited)",
					"@executable_path/Frameworks",
				);
				MARKETING_VERSION = 1.0;
				PRODUCT_BUNDLE_IDENTIFIER = ru.yandex.practicum.ImageFeed;
				PRODUCT_NAME = "$(TARGET_NAME)";
				SUPPORTED_PLATFORMS = "iphoneos iphonesimulator";
				SUPPORTS_MACCATALYST = NO;
				SUPPORTS_MAC_DESIGNED_FOR_IPHONE_IPAD = YES;
				SWIFT_EMIT_LOC_STRINGS = YES;
				SWIFT_VERSION = 5.0;
				TARGETED_DEVICE_FAMILY = 1;
			};
			name = Release;
		};
/* End XCBuildConfiguration section */

/* Begin XCConfigurationList section */
		840780682A65CAB2006461B3 /* Build configuration list for PBXProject "ImageFeed" */ = {
			isa = XCConfigurationList;
			buildConfigurations = (
				8407807F2A65CAB4006461B3 /* Debug */,
				840780802A65CAB4006461B3 /* Release */,
			);
			defaultConfigurationIsVisible = 0;
			defaultConfigurationName = Release;
		};
		840780812A65CAB4006461B3 /* Build configuration list for PBXNativeTarget "ImageFeed" */ = {
			isa = XCConfigurationList;
			buildConfigurations = (
				840780822A65CAB4006461B3 /* Debug */,
				840780832A65CAB4006461B3 /* Release */,
			);
			defaultConfigurationIsVisible = 0;
			defaultConfigurationName = Release;
		};
/* End XCConfigurationList section */

/* Begin XCRemoteSwiftPackageReference section */
		8447A6E92A9A70AD00579B97 /* XCRemoteSwiftPackageReference "ProgressHUD" */ = {
			isa = XCRemoteSwiftPackageReference;
			repositoryURL = "https://github.com/relatedcode/ProgressHUD";
			requirement = {
				kind = upToNextMajorVersion;
				minimumVersion = 13.0.0;
			};
		};
		84C8B70A2A9BB19500D4626C /* XCRemoteSwiftPackageReference "Kingfisher" */ = {
			isa = XCRemoteSwiftPackageReference;
			repositoryURL = "https://github.com/onevcat/Kingfisher.git";
			requirement = {
				kind = upToNextMajorVersion;
				minimumVersion = 7.0.0;
			};
		};
		84C8B70D2A9BB7CC00D4626C /* XCRemoteSwiftPackageReference "SwiftKeychainWrapper" */ = {
			isa = XCRemoteSwiftPackageReference;
			repositoryURL = "https://github.com/jrendel/SwiftKeychainWrapper";
			requirement = {
				kind = upToNextMajorVersion;
				minimumVersion = 4.0.0;
			};
		};
/* End XCRemoteSwiftPackageReference section */

/* Begin XCSwiftPackageProductDependency section */
		8447A6EA2A9A70AD00579B97 /* ProgressHUD */ = {
			isa = XCSwiftPackageProductDependency;
			package = 8447A6E92A9A70AD00579B97 /* XCRemoteSwiftPackageReference "ProgressHUD" */;
			productName = ProgressHUD;
		};
		84C8B70B2A9BB19500D4626C /* Kingfisher */ = {
			isa = XCSwiftPackageProductDependency;
			package = 84C8B70A2A9BB19500D4626C /* XCRemoteSwiftPackageReference "Kingfisher" */;
			productName = Kingfisher;
		};
		84C8B70E2A9BB7CC00D4626C /* SwiftKeychainWrapper */ = {
			isa = XCSwiftPackageProductDependency;
			package = 84C8B70D2A9BB7CC00D4626C /* XCRemoteSwiftPackageReference "SwiftKeychainWrapper" */;
			productName = SwiftKeychainWrapper;
		};
/* End XCSwiftPackageProductDependency section */
	};
	rootObject = 840780652A65CAB2006461B3 /* Project object */;
}
